# This file is generated by running "yarn install" inside your project.
# Manual changes might be lost - proceed with caution!

__metadata:
  version: 8
  cacheKey: 10c0

"@adraffy/ens-normalize@npm:1.10.1":
  version: 1.10.1
  resolution: "@adraffy/ens-normalize@npm:1.10.1"
  checksum: 10c0/fdd647604e8fac6204921888aaf5a6bc65eabf0d2921bc5f93b64d01f4bc33ead167c1445f7de05468d05cd92ac31b74c68d2be840c62b79d73693308f885c06
  languageName: node
  linkType: hard

"@flashbots/ethers-provider-bundle@npm:^1.0.0":
  version: 1.0.0
  resolution: "@flashbots/ethers-provider-bundle@npm:1.0.0"
  peerDependencies:
    ethers: 6.7.1
  checksum: 10c0/2e8af1d891adbb90d87fb8972a32849f833c6b846dcfd7734bcfe608b444485350ba4848932aef3842b5687fbd39480e421e6e6dd7ce943c76c51a5bcb167110
  languageName: node
  linkType: hard

"@noble/curves@npm:1.2.0":
  version: 1.2.0
  resolution: "@noble/curves@npm:1.2.0"
  dependencies:
    "@noble/hashes": "npm:1.3.2"
  checksum: 10c0/0bac7d1bbfb3c2286910b02598addd33243cb97c3f36f987ecc927a4be8d7d88e0fcb12b0f0ef8a044e7307d1844dd5c49bb724bfa0a79c8ec50ba60768c97f6
  languageName: node
  linkType: hard

"@noble/hashes@npm:1.3.2":
  version: 1.3.2
  resolution: "@noble/hashes@npm:1.3.2"
  checksum: 10c0/2482cce3bce6a596626f94ca296e21378e7a5d4c09597cbc46e65ffacc3d64c8df73111f2265444e36a3168208628258bbbaccba2ef24f65f58b2417638a20e7
  languageName: node
  linkType: hard

"@types/node@npm:18.15.13":
  version: 18.15.13
  resolution: "@types/node@npm:18.15.13"
  checksum: 10c0/6e5f61c559e60670a7a8fb88e31226ecc18a21be103297ca4cf9848f0a99049dae77f04b7ae677205f2af494f3701b113ba8734f4b636b355477a6534dbb8ada
  languageName: node
  linkType: hard

"@types/node@npm:^20.14.2":
  version: 20.14.2
  resolution: "@types/node@npm:20.14.2"
  dependencies:
    undici-types: "npm:~5.26.4"
  checksum: 10c0/2d86e5f2227aaa42212e82ea0affe72799111b888ff900916376450b02b09b963ca888b20d9c332d8d2b833ed4781987867a38eaa2e4863fa8439071468b0a6f
  languageName: node
  linkType: hard

"aes-js@npm:4.0.0-beta.5":
  version: 4.0.0-beta.5
  resolution: "aes-js@npm:4.0.0-beta.5"
  checksum: 10c0/444f4eefa1e602cbc4f2a3c644bc990f93fd982b148425fee17634da510586fc09da940dcf8ace1b2d001453c07ff042e55f7a0482b3cc9372bf1ef75479090c
  languageName: node
  linkType: hard

"dotenv@npm:^16.4.5":
  version: 16.4.5
  resolution: "dotenv@npm:16.4.5"
  checksum: 10c0/48d92870076832af0418b13acd6e5a5a3e83bb00df690d9812e94b24aff62b88ade955ac99a05501305b8dc8f1b0ee7638b18493deb6fe93d680e5220936292f
  languageName: node
  linkType: hard

"ethers@npm:^6.13.0":
  version: 6.13.0
  resolution: "ethers@npm:6.13.0"
  dependencies:
    "@adraffy/ens-normalize": "npm:1.10.1"
    "@noble/curves": "npm:1.2.0"
    "@noble/hashes": "npm:1.3.2"
    "@types/node": "npm:18.15.13"
    aes-js: "npm:4.0.0-beta.5"
    tslib: "npm:2.4.0"
    ws: "npm:8.5.0"
  checksum: 10c0/53865383d2c6d5ab23b23853a169a62165fc4631da6e48967063a763b2419637c62d89bf8b024c0e1b2feb40065e05c64b44ccf47b195de5e853b447f8fad77d
  languageName: node
  linkType: hard

"get@workspace:.":
  version: 0.0.0-use.local
  resolution: "get@workspace:."
  dependencies:
    "@flashbots/ethers-provider-bundle": "npm:^1.0.0"
    "@types/node": "npm:^20.14.2"
    dotenv: "npm:^16.4.5"
    ethers: "npm:^6.13.0"
    process: "npm:^0.11.10"
  languageName: unknown
  linkType: soft

"process@npm:^0.11.10":
  version: 0.11.10
  resolution: "process@npm:0.11.10"
  checksum: 10c0/40c3ce4b7e6d4b8c3355479df77aeed46f81b279818ccdc500124e6a5ab882c0cc81ff7ea16384873a95a74c4570b01b120f287abbdd4c877931460eca6084b3
  languageName: node
  linkType: hard

"tslib@npm:2.4.0":
  version: 2.4.0
  resolution: "tslib@npm:2.4.0"
  checksum: 10c0/eb19bda3ae545b03caea6a244b34593468e23d53b26bf8649fbc20fce43e9b21a71127fd6d2b9662c0fe48ee6ff668ead48fd00d3b88b2b716b1c12edae25b5d
  languageName: node
  linkType: hard

"undici-types@npm:~5.26.4":
  version: 5.26.5
  resolution: "undici-types@npm:5.26.5"
  checksum: 10c0/bb673d7876c2d411b6eb6c560e0c571eef4a01c1c19925175d16e3a30c4c428181fb8d7ae802a261f283e4166a0ac435e2f505743aa9e45d893f9a3df017b501
  languageName: node
  linkType: hard

"ws@npm:8.5.0":
  version: 8.5.0
  resolution: "ws@npm:8.5.0"
  peerDependencies:
    bufferutil: ^4.0.1
    utf-8-validate: ^5.0.2
  peerDependenciesMeta:
    bufferutil:
      optional: true
    utf-8-validate:
      optional: true
  checksum: 10c0/0baeee03e97865accda8fad51e8e5fa17d19b8e264529efdf662bbba2acc1c7f1de8316287e6df5cb639231a96009e6d5234b57e6ff36ee2d04e49a0995fec2f
  languageName: node
  linkType: hard
